
Microsoft Visual Studio Solution File, Format Version 12.00
# Visual Studio Version 17
VisualStudioVersion = 17.14.36518.9 d17.14
MinimumVisualStudioVersion = 10.0.40219.1
Project("{FAE04EC0-301F-11D3-BF4B-00C04F79EFBC}") = "CineBooker", "CineBooker\CineBooker.csproj", "{2B1124F9-8BC0-4878-9C25-4CB2AA90202D}"
EndProject
Global
	GlobalSection(SolutionConfigurationPlatforms) = preSolution
		Debug|Any CPU = Debug|Any CPU
		Release|Any CPU = Release|Any CPU
	EndGlobalSection
	GlobalSection(ProjectConfigurationPlatforms) = postSolution
		{2B1124F9-8BC0-4878-9C25-4CB2AA90202D}.Debug|Any CPU.ActiveCfg = Debug|Any CPU
		{2B1124F9-8BC0-4878-9C25-4CB2AA90202D}.Debug|Any CPU.Build.0 = Debug|Any CPU
		{2B1124F9-8BC0-4878-9C25-4CB2AA90202D}.Release|Any CPU.ActiveCfg = Release|Any CPU
		{2B1124F9-8BC0-4878-9C25-4CB2AA90202D}.Release|Any CPU.Build.0 = Release|Any CPU
	EndGlobalSection
	GlobalSection(SolutionProperties) = preSolution
		HideSolutionNode = FALSE
	EndGlobalSection
	GlobalSection(ExtensibilityGlobals) = postSolution
		SolutionGuid = {768F250C-88E3-44A0-8792-203BF50D6F0F}
	EndGlobalSection
EndGlobal
